
Microsoft Visual Studio Solution File, Format Version 12.00
# Visual Studio 14
VisualStudioVersion = 14.0.25123.0
MinimumVisualStudioVersion = 10.0.40219.1
Project("{2150E333-8FDC-42A3-9474-1A3956D46DE8}") = "1 - PresentationLayer", "1 - PresentationLayer", "{22C3ED23-B333-43BC-9D4E-FBD73C150E21}"
EndProject
Project("{2150E333-8FDC-42A3-9474-1A3956D46DE8}") = "2 - ApplicationLayer", "2 - ApplicationLayer", "{75DEAD3C-C1A7-441F-800D-48551F8DB088}"
EndProject
Project("{2150E333-8FDC-42A3-9474-1A3956D46DE8}") = "3 - DomainLayer", "3 - DomainLayer", "{90B0224B-88FA-4E49-ADCE-4C5A61723DF2}"
EndProject
Project("{2150E333-8FDC-42A3-9474-1A3956D46DE8}") = "4 - InfrastructureLayer", "4 - InfrastructureLayer", "{36BDB8AC-B565-44E5-9000-ED596F58525D}"
EndProject
Project("{FAE04EC0-301F-11D3-BF4B-00C04F79EFBC}") = "Presentation", "Presentation\Presentation.csproj", "{5A67B48B-E729-4C51-A6CD-8D5215E7DCB8}"
EndProject
Project("{FAE04EC0-301F-11D3-BF4B-00C04F79EFBC}") = "Application", "Application\Application.csproj", "{977EE9A4-73AF-4BD4-A6AF-888A0491F85B}"
EndProject
Project("{FAE04EC0-301F-11D3-BF4B-00C04F79EFBC}") = "Domain", "Domain\Domain.csproj", "{C21E7E90-0B1D-4CA8-8792-F310DCEB54E6}"
EndProject
Project("{2150E333-8FDC-42A3-9474-1A3956D46DE8}") = "4.1 - Data", "4.1 - Data", "{4AADF25D-652A-449A-98CC-DF5B20A57F2E}"
EndProject
Project("{2150E333-8FDC-42A3-9474-1A3956D46DE8}") = "4.2 - CrossCutting", "4.2 - CrossCutting", "{C199F468-C6A9-4D5A-9027-AA36A832C8C5}"
EndProject
Project("{FAE04EC0-301F-11D3-BF4B-00C04F79EFBC}") = "Data", "Data\Data.csproj", "{74050DA5-746A-488A-9C95-B5D5CFF886D2}"
EndProject
Project("{FAE04EC0-301F-11D3-BF4B-00C04F79EFBC}") = "IoC", "IoC\IoC.csproj", "{CC7DC555-4FE3-4E41-ADF4-A2939CAE67F4}"
EndProject
Global
	GlobalSection(SolutionConfigurationPlatforms) = preSolution
		Debug|Any CPU = Debug|Any CPU
		Release|Any CPU = Release|Any CPU
	EndGlobalSection
	GlobalSection(ProjectConfigurationPlatforms) = postSolution
		{5A67B48B-E729-4C51-A6CD-8D5215E7DCB8}.Debug|Any CPU.ActiveCfg = Debug|Any CPU
		{5A67B48B-E729-4C51-A6CD-8D5215E7DCB8}.Debug|Any CPU.Build.0 = Debug|Any CPU
		{5A67B48B-E729-4C51-A6CD-8D5215E7DCB8}.Release|Any CPU.ActiveCfg = Release|Any CPU
		{5A67B48B-E729-4C51-A6CD-8D5215E7DCB8}.Release|Any CPU.Build.0 = Release|Any CPU
		{977EE9A4-73AF-4BD4-A6AF-888A0491F85B}.Debug|Any CPU.ActiveCfg = Debug|Any CPU
		{977EE9A4-73AF-4BD4-A6AF-888A0491F85B}.Debug|Any CPU.Build.0 = Debug|Any CPU
		{977EE9A4-73AF-4BD4-A6AF-888A0491F85B}.Release|Any CPU.ActiveCfg = Release|Any CPU
		{977EE9A4-73AF-4BD4-A6AF-888A0491F85B}.Release|Any CPU.Build.0 = Release|Any CPU
		{C21E7E90-0B1D-4CA8-8792-F310DCEB54E6}.Debug|Any CPU.ActiveCfg = Debug|Any CPU
		{C21E7E90-0B1D-4CA8-8792-F310DCEB54E6}.Debug|Any CPU.Build.0 = Debug|Any CPU
		{C21E7E90-0B1D-4CA8-8792-F310DCEB54E6}.Release|Any CPU.ActiveCfg = Release|Any CPU
		{C21E7E90-0B1D-4CA8-8792-F310DCEB54E6}.Release|Any CPU.Build.0 = Release|Any CPU
		{74050DA5-746A-488A-9C95-B5D5CFF886D2}.Debug|Any CPU.ActiveCfg = Debug|Any CPU
		{74050DA5-746A-488A-9C95-B5D5CFF886D2}.Debug|Any CPU.Build.0 = Debug|Any CPU
		{74050DA5-746A-488A-9C95-B5D5CFF886D2}.Release|Any CPU.ActiveCfg = Release|Any CPU
		{74050DA5-746A-488A-9C95-B5D5CFF886D2}.Release|Any CPU.Build.0 = Release|Any CPU
		{CC7DC555-4FE3-4E41-ADF4-A2939CAE67F4}.Debug|Any CPU.ActiveCfg = Debug|Any CPU
		{CC7DC555-4FE3-4E41-ADF4-A2939CAE67F4}.Debug|Any CPU.Build.0 = Debug|Any CPU
		{CC7DC555-4FE3-4E41-ADF4-A2939CAE67F4}.Release|Any CPU.ActiveCfg = Release|Any CPU
		{CC7DC555-4FE3-4E41-ADF4-A2939CAE67F4}.Release|Any CPU.Build.0 = Release|Any CPU
	EndGlobalSection
	GlobalSection(SolutionProperties) = preSolution
		HideSolutionNode = FALSE
	EndGlobalSection
	GlobalSection(NestedProjects) = preSolution
		{5A67B48B-E729-4C51-A6CD-8D5215E7DCB8} = {22C3ED23-B333-43BC-9D4E-FBD73C150E21}
		{977EE9A4-73AF-4BD4-A6AF-888A0491F85B} = {75DEAD3C-C1A7-441F-800D-48551F8DB088}
		{C21E7E90-0B1D-4CA8-8792-F310DCEB54E6} = {90B0224B-88FA-4E49-ADCE-4C5A61723DF2}
		{4AADF25D-652A-449A-98CC-DF5B20A57F2E} = {36BDB8AC-B565-44E5-9000-ED596F58525D}
		{C199F468-C6A9-4D5A-9027-AA36A832C8C5} = {36BDB8AC-B565-44E5-9000-ED596F58525D}
		{74050DA5-746A-488A-9C95-B5D5CFF886D2} = {4AADF25D-652A-449A-98CC-DF5B20A57F2E}
		{CC7DC555-4FE3-4E41-ADF4-A2939CAE67F4} = {C199F468-C6A9-4D5A-9027-AA36A832C8C5}
	EndGlobalSection
EndGlobal
